
Microsoft Visual Studio Solution File, Format Version 12.00
# Visual Studio Version 17
VisualStudioVersion = 17.4.33205.214
MinimumVisualStudioVersion = 10.0.40219.1
Project("{FAE04EC0-301F-11D3-BF4B-00C04F79EFBC}") = "RMS", "RMS\RMS.csproj", "{E601C617-00D3-4865-93D6-A80A73D2E094}"
	ProjectSection(ProjectDependencies) = postProject
		{1BC85125-AB82-4C74-9716-D08AD5E8E66A} = {1BC85125-AB82-4C74-9716-D08AD5E8E66A}
		{43F4DB48-ADB5-491E-A272-D0BA31DCB581} = {43F4DB48-ADB5-491E-A272-D0BA31DCB581}
		{9C873C33-BB63-4B38-B277-F4331CD23703} = {9C873C33-BB63-4B38-B277-F4331CD23703}
	EndProjectSection
EndProject
Project("{FAE04EC0-301F-11D3-BF4B-00C04F79EFBC}") = "Common", "Common\Common.csproj", "{D3E958B4-3136-4EF1-A6D8-8FF2050E5F74}"
EndProject
Project("{FAE04EC0-301F-11D3-BF4B-00C04F79EFBC}") = "RVS", "RVS\RVS.csproj", "{C703D90C-6DDB-441F-8DBC-75EA4EDD7730}"
	ProjectSection(ProjectDependencies) = postProject
		{270BE9B0-E06B-4F82-BA67-4349A8D4A71F} = {270BE9B0-E06B-4F82-BA67-4349A8D4A71F}
		{43F4DB48-ADB5-491E-A272-D0BA31DCB581} = {43F4DB48-ADB5-491E-A272-D0BA31DCB581}
	EndProjectSection
EndProject
Project("{FAE04EC0-301F-11D3-BF4B-00C04F79EFBC}") = "HDSInspector", "HDSInspector\HDSInspector.csproj", "{9B02946C-9556-4885-A8C4-26E5607FBF1A}"
	ProjectSection(ProjectDependencies) = postProject
		{660C74B7-A4DE-435D-B94F-92B0D695620B} = {660C74B7-A4DE-435D-B94F-92B0D695620B}
		{676C993A-E9CC-415A-8DEA-1D563E0F2976} = {676C993A-E9CC-415A-8DEA-1D563E0F2976}
	EndProjectSection
EndProject
Project("{FAE04EC0-301F-11D3-BF4B-00C04F79EFBC}") = "Marker", "Marker\Marker.csproj", "{5ABE59D7-A5F6-4118-A6B7-4564E3937962}"
EndProject
Project("{FAE04EC0-301F-11D3-BF4B-00C04F79EFBC}") = "Common.DataBase", "Common.DataBase\Common.DataBase.csproj", "{43F4DB48-ADB5-491E-A272-D0BA31DCB581}"
	ProjectSection(ProjectDependencies) = postProject
		{D3E958B4-3136-4EF1-A6D8-8FF2050E5F74} = {D3E958B4-3136-4EF1-A6D8-8FF2050E5F74}
	EndProjectSection
EndProject
Project("{FAE04EC0-301F-11D3-BF4B-00C04F79EFBC}") = "Common.Drawing", "Common.Drawing\Common.Drawing.csproj", "{4612488B-945E-41AF-92E8-76C50EF81A30}"
	ProjectSection(ProjectDependencies) = postProject
		{D3E958B4-3136-4EF1-A6D8-8FF2050E5F74} = {D3E958B4-3136-4EF1-A6D8-8FF2050E5F74}
	EndProjectSection
EndProject
Project("{FAE04EC0-301F-11D3-BF4B-00C04F79EFBC}") = "RVS.Generic", "RVS.Generic\RVS.Generic.csproj", "{1F8149EF-0AA6-489B-BB59-EA93B7320CD9}"
	ProjectSection(ProjectDependencies) = postProject
		{270BE9B0-E06B-4F82-BA67-4349A8D4A71F} = {270BE9B0-E06B-4F82-BA67-4349A8D4A71F}
		{43F4DB48-ADB5-491E-A272-D0BA31DCB581} = {43F4DB48-ADB5-491E-A272-D0BA31DCB581}
		{4612488B-945E-41AF-92E8-76C50EF81A30} = {4612488B-945E-41AF-92E8-76C50EF81A30}
		{9C873C33-BB63-4B38-B277-F4331CD23703} = {9C873C33-BB63-4B38-B277-F4331CD23703}
	EndProjectSection
EndProject
Project("{FAE04EC0-301F-11D3-BF4B-00C04F79EFBC}") = "PCS", "PCS\PCS.csproj", "{F2B66E45-24A9-4040-BC43-6D6B92918AD1}"
	ProjectSection(ProjectDependencies) = postProject
		{43F4DB48-ADB5-491E-A272-D0BA31DCB581} = {43F4DB48-ADB5-491E-A272-D0BA31DCB581}
		{4612488B-945E-41AF-92E8-76C50EF81A30} = {4612488B-945E-41AF-92E8-76C50EF81A30}
		{9C873C33-BB63-4B38-B277-F4331CD23703} = {9C873C33-BB63-4B38-B277-F4331CD23703}
	EndProjectSection
EndProject
Project("{8BC9CEB8-8B4A-11D0-8D11-00A0C91BC942}") = "DCSWrapper", "DCSWrapper\DCSWrapper.vcxproj", "{660C74B7-A4DE-435D-B94F-92B0D695620B}"
EndProject
Project("{FAE04EC0-301F-11D3-BF4B-00C04F79EFBC}") = "Common.Control", "Common.Control\Common.Control.csproj", "{9C873C33-BB63-4B38-B277-F4331CD23703}"
EndProject
Project("{FAE04EC0-301F-11D3-BF4B-00C04F79EFBC}") = "DCS", "DCS\DCS.csproj", "{270BE9B0-E06B-4F82-BA67-4349A8D4A71F}"
	ProjectSection(ProjectDependencies) = postProject
		{660C74B7-A4DE-435D-B94F-92B0D695620B} = {660C74B7-A4DE-435D-B94F-92B0D695620B}
	EndProjectSection
EndProject
Project("{FAE04EC0-301F-11D3-BF4B-00C04F79EFBC}") = "RMS.Generic", "RMS.Generic\RMS.Generic.csproj", "{1BC85125-AB82-4C74-9716-D08AD5E8E66A}"
EndProject
Project("{FAE04EC0-301F-11D3-BF4B-00C04F79EFBC}") = "DataGridFilterLibrary", "DataGridFilterLibrary\DataGridFilterLibrary.csproj", "{512FD53F-9AD1-46A1-A961-9FABDFAD50C5}"
EndProject
Project("{FAE04EC0-301F-11D3-BF4B-00C04F79EFBC}") = "Maker_Client", "Maker_Client\Maker_Client.csproj", "{2AB064BB-D805-4A46-85E0-1076A7741140}"
EndProject
Project("{FAE04EC0-301F-11D3-BF4B-00C04F79EFBC}") = "RVS_Test", "RVS_Test\RVS_Test.csproj", "{3D94317F-1581-4039-A70F-A6A6A57D2F83}"
EndProject
Project("{FAE04EC0-301F-11D3-BF4B-00C04F79EFBC}") = "Setting_INI", "Setting_INI\Setting_INI.csproj", "{DC33757C-158D-49F6-A4D4-C0CD25957447}"
EndProject
Project("{FAE04EC0-301F-11D3-BF4B-00C04F79EFBC}") = "IGS", "IGS\IGS.csproj", "{676C993A-E9CC-415A-8DEA-1D563E0F2976}"
EndProject
Project("{FAE04EC0-301F-11D3-BF4B-00C04F79EFBC}") = "DNN", "DNN\DNN.csproj", "{34CCF59B-F61E-48A2-91B9-C42D0E394530}"
EndProject
Global
	GlobalSection(SolutionConfigurationPlatforms) = preSolution
		Debug_MTS|Any CPU = Debug_MTS|Any CPU
		Debug_MTS|Mixed Platforms = Debug_MTS|Mixed Platforms
		Debug_MTS|Win32 = Debug_MTS|Win32
		Debug_MTS|x64 = Debug_MTS|x64
		Debug_MTS|x86 = Debug_MTS|x86
		Debug|Any CPU = Debug|Any CPU
		Debug|Mixed Platforms = Debug|Mixed Platforms
		Debug|Win32 = Debug|Win32
		Debug|x64 = Debug|x64
		Debug|x86 = Debug|x86
		Release|Any CPU = Release|Any CPU
		Release|Mixed Platforms = Release|Mixed Platforms
		Release|Win32 = Release|Win32
		Release|x64 = Release|x64
		Release|x86 = Release|x86
	EndGlobalSection
	GlobalSection(ProjectConfigurationPlatforms) = postSolution
		{E601C617-00D3-4865-93D6-A80A73D2E094}.Debug_MTS|Any CPU.ActiveCfg = Debug_MTS|x86
		{E601C617-00D3-4865-93D6-A80A73D2E094}.Debug_MTS|Mixed Platforms.ActiveCfg = Release|x64
		{E601C617-00D3-4865-93D6-A80A73D2E094}.Debug_MTS|Mixed Platforms.Build.0 = Release|x64
		{E601C617-00D3-4865-93D6-A80A73D2E094}.Debug_MTS|Win32.ActiveCfg = Debug_MTS|x86
		{E601C617-00D3-4865-93D6-A80A73D2E094}.Debug_MTS|x64.ActiveCfg = Debug_MTS|x64
		{E601C617-00D3-4865-93D6-A80A73D2E094}.Debug_MTS|x86.ActiveCfg = Debug_MTS|x86
		{E601C617-00D3-4865-93D6-A80A73D2E094}.Debug_MTS|x86.Build.0 = Debug_MTS|x86
		{E601C617-00D3-4865-93D6-A80A73D2E094}.Debug|Any CPU.ActiveCfg = Debug|x86
		{E601C617-00D3-4865-93D6-A80A73D2E094}.Debug|Mixed Platforms.ActiveCfg = Release|x64
		{E601C617-00D3-4865-93D6-A80A73D2E094}.Debug|Mixed Platforms.Build.0 = Release|x64
		{E601C617-00D3-4865-93D6-A80A73D2E094}.Debug|Win32.ActiveCfg = Debug|x86
		{E601C617-00D3-4865-93D6-A80A73D2E094}.Debug|Win32.Build.0 = Debug|x86
		{E601C617-00D3-4865-93D6-A80A73D2E094}.Debug|x64.ActiveCfg = Debug|x64
		{E601C617-00D3-4865-93D6-A80A73D2E094}.Debug|x64.Build.0 = Debug|x64
		{E601C617-00D3-4865-93D6-A80A73D2E094}.Debug|x86.ActiveCfg = Debug|x86
		{E601C617-00D3-4865-93D6-A80A73D2E094}.Debug|x86.Build.0 = Debug|x86
		{E601C617-00D3-4865-93D6-A80A73D2E094}.Release|Any CPU.ActiveCfg = Release|x86
		{E601C617-00D3-4865-93D6-A80A73D2E094}.Release|Mixed Platforms.ActiveCfg = Release|x64
		{E601C617-00D3-4865-93D6-A80A73D2E094}.Release|Mixed Platforms.Build.0 = Release|x64
		{E601C617-00D3-4865-93D6-A80A73D2E094}.Release|Win32.ActiveCfg = Release|x86
		{E601C617-00D3-4865-93D6-A80A73D2E094}.Release|Win32.Build.0 = Release|x86
		{E601C617-00D3-4865-93D6-A80A73D2E094}.Release|x64.ActiveCfg = Release|x64
		{E601C617-00D3-4865-93D6-A80A73D2E094}.Release|x64.Build.0 = Release|x64
		{E601C617-00D3-4865-93D6-A80A73D2E094}.Release|x86.ActiveCfg = Release|x86
		{E601C617-00D3-4865-93D6-A80A73D2E094}.Release|x86.Build.0 = Release|x86
		{D3E958B4-3136-4EF1-A6D8-8FF2050E5F74}.Debug_MTS|Any CPU.ActiveCfg = Debug_MTS|Any CPU
		{D3E958B4-3136-4EF1-A6D8-8FF2050E5F74}.Debug_MTS|Any CPU.Build.0 = Debug_MTS|Any CPU
		{D3E958B4-3136-4EF1-A6D8-8FF2050E5F74}.Debug_MTS|Mixed Platforms.ActiveCfg = Release|Any CPU
		{D3E958B4-3136-4EF1-A6D8-8FF2050E5F74}.Debug_MTS|Mixed Platforms.Build.0 = Release|Any CPU
		{D3E958B4-3136-4EF1-A6D8-8FF2050E5F74}.Debug_MTS|Win32.ActiveCfg = Debug_MTS|Any CPU
		{D3E958B4-3136-4EF1-A6D8-8FF2050E5F74}.Debug_MTS|x64.ActiveCfg = Debug_MTS|x64
		{D3E958B4-3136-4EF1-A6D8-8FF2050E5F74}.Debug_MTS|x64.Build.0 = Debug_MTS|x64
		{D3E958B4-3136-4EF1-A6D8-8FF2050E5F74}.Debug_MTS|x86.ActiveCfg = Debug_MTS|Any CPU
		{D3E958B4-3136-4EF1-A6D8-8FF2050E5F74}.Debug|Any CPU.ActiveCfg = Debug|Any CPU
		{D3E958B4-3136-4EF1-A6D8-8FF2050E5F74}.Debug|Any CPU.Build.0 = Debug|Any CPU
		{D3E958B4-3136-4EF1-A6D8-8FF2050E5F74}.Debug|Mixed Platforms.ActiveCfg = Release|Any CPU
		{D3E958B4-3136-4EF1-A6D8-8FF2050E5F74}.Debug|Mixed Platforms.Build.0 = Release|Any CPU
		{D3E958B4-3136-4EF1-A6D8-8FF2050E5F74}.Debug|Win32.ActiveCfg = Debug|Any CPU
		{D3E958B4-3136-4EF1-A6D8-8FF2050E5F74}.Debug|Win32.Build.0 = Debug|Any CPU
		{D3E958B4-3136-4EF1-A6D8-8FF2050E5F74}.Debug|x64.ActiveCfg = Debug|x64
		{D3E958B4-3136-4EF1-A6D8-8FF2050E5F74}.Debug|x64.Build.0 = Debug|x64
		{D3E958B4-3136-4EF1-A6D8-8FF2050E5F74}.Debug|x86.ActiveCfg = Debug|Any CPU
		{D3E958B4-3136-4EF1-A6D8-8FF2050E5F74}.Release|Any CPU.ActiveCfg = Release|Any CPU
		{D3E958B4-3136-4EF1-A6D8-8FF2050E5F74}.Release|Any CPU.Build.0 = Release|Any CPU
		{D3E958B4-3136-4EF1-A6D8-8FF2050E5F74}.Release|Mixed Platforms.ActiveCfg = Release|Any CPU
		{D3E958B4-3136-4EF1-A6D8-8FF2050E5F74}.Release|Mixed Platforms.Build.0 = Release|Any CPU
		{D3E958B4-3136-4EF1-A6D8-8FF2050E5F74}.Release|Win32.ActiveCfg = Release|Any CPU
		{D3E958B4-3136-4EF1-A6D8-8FF2050E5F74}.Release|Win32.Build.0 = Release|Any CPU
		{D3E958B4-3136-4EF1-A6D8-8FF2050E5F74}.Release|x64.ActiveCfg = Release|x64
		{D3E958B4-3136-4EF1-A6D8-8FF2050E5F74}.Release|x64.Build.0 = Release|x64
		{D3E958B4-3136-4EF1-A6D8-8FF2050E5F74}.Release|x86.ActiveCfg = Release|Any CPU
		{C703D90C-6DDB-441F-8DBC-75EA4EDD7730}.Debug_MTS|Any CPU.ActiveCfg = Debug|x86
		{C703D90C-6DDB-441F-8DBC-75EA4EDD7730}.Debug_MTS|Mixed Platforms.ActiveCfg = Release|x64
		{C703D90C-6DDB-441F-8DBC-75EA4EDD7730}.Debug_MTS|Mixed Platforms.Build.0 = Release|x64
		{C703D90C-6DDB-441F-8DBC-75EA4EDD7730}.Debug_MTS|Win32.ActiveCfg = Debug|x86
		{C703D90C-6DDB-441F-8DBC-75EA4EDD7730}.Debug_MTS|x64.ActiveCfg = Debug|x64
		{C703D90C-6DDB-441F-8DBC-75EA4EDD7730}.Debug_MTS|x64.Build.0 = Debug|x64
		{C703D90C-6DDB-441F-8DBC-75EA4EDD7730}.Debug_MTS|x86.ActiveCfg = Debug|x86
		{C703D90C-6DDB-441F-8DBC-75EA4EDD7730}.Debug_MTS|x86.Build.0 = Debug|x86
		{C703D90C-6DDB-441F-8DBC-75EA4EDD7730}.Debug|Any CPU.ActiveCfg = Debug|x86
		{C703D90C-6DDB-441F-8DBC-75EA4EDD7730}.Debug|Mixed Platforms.ActiveCfg = Release|x64
		{C703D90C-6DDB-441F-8DBC-75EA4EDD7730}.Debug|Mixed Platforms.Build.0 = Release|x64
		{C703D90C-6DDB-441F-8DBC-75EA4EDD7730}.Debug|Win32.ActiveCfg = Debug|x86
		{C703D90C-6DDB-441F-8DBC-75EA4EDD7730}.Debug|Win32.Build.0 = Debug|x86
		{C703D90C-6DDB-441F-8DBC-75EA4EDD7730}.Debug|x64.ActiveCfg = Debug|x64
		{C703D90C-6DDB-441F-8DBC-75EA4EDD7730}.Debug|x64.Build.0 = Debug|x64
		{C703D90C-6DDB-441F-8DBC-75EA4EDD7730}.Debug|x86.ActiveCfg = Debug|x86
		{C703D90C-6DDB-441F-8DBC-75EA4EDD7730}.Debug|x86.Build.0 = Debug|x86
		{C703D90C-6DDB-441F-8DBC-75EA4EDD7730}.Release|Any CPU.ActiveCfg = Release|x86
		{C703D90C-6DDB-441F-8DBC-75EA4EDD7730}.Release|Mixed Platforms.ActiveCfg = Release|x64
		{C703D90C-6DDB-441F-8DBC-75EA4EDD7730}.Release|Mixed Platforms.Build.0 = Release|x64
		{C703D90C-6DDB-441F-8DBC-75EA4EDD7730}.Release|Win32.ActiveCfg = Release|x86
		{C703D90C-6DDB-441F-8DBC-75EA4EDD7730}.Release|Win32.Build.0 = Release|x86
		{C703D90C-6DDB-441F-8DBC-75EA4EDD7730}.Release|x64.ActiveCfg = Release|x64
		{C703D90C-6DDB-441F-8DBC-75EA4EDD7730}.Release|x64.Build.0 = Release|x64
		{C703D90C-6DDB-441F-8DBC-75EA4EDD7730}.Release|x86.ActiveCfg = Release|x86
		{C703D90C-6DDB-441F-8DBC-75EA4EDD7730}.Release|x86.Build.0 = Release|x86
		{9B02946C-9556-4885-A8C4-26E5607FBF1A}.Debug_MTS|Any CPU.ActiveCfg = Debug_MTS|x86
		{9B02946C-9556-4885-A8C4-26E5607FBF1A}.Debug_MTS|Mixed Platforms.ActiveCfg = Release|x64
		{9B02946C-9556-4885-A8C4-26E5607FBF1A}.Debug_MTS|Mixed Platforms.Build.0 = Release|x64
		{9B02946C-9556-4885-A8C4-26E5607FBF1A}.Debug_MTS|Win32.ActiveCfg = Debug_MTS|x86
		{9B02946C-9556-4885-A8C4-26E5607FBF1A}.Debug_MTS|x64.ActiveCfg = Debug_MTS|x64
		{9B02946C-9556-4885-A8C4-26E5607FBF1A}.Debug_MTS|x86.ActiveCfg = Debug_MTS|x86
		{9B02946C-9556-4885-A8C4-26E5607FBF1A}.Debug_MTS|x86.Build.0 = Debug_MTS|x86
		{9B02946C-9556-4885-A8C4-26E5607FBF1A}.Debug|Any CPU.ActiveCfg = Debug|x86
		{9B02946C-9556-4885-A8C4-26E5607FBF1A}.Debug|Any CPU.Build.0 = Debug|x86
		{9B02946C-9556-4885-A8C4-26E5607FBF1A}.Debug|Mixed Platforms.ActiveCfg = Release|x64
		{9B02946C-9556-4885-A8C4-26E5607FBF1A}.Debug|Mixed Platforms.Build.0 = Release|x64
		{9B02946C-9556-4885-A8C4-26E5607FBF1A}.Debug|Win32.ActiveCfg = Debug|x86
		{9B02946C-9556-4885-A8C4-26E5607FBF1A}.Debug|Win32.Build.0 = Debug|x86
		{9B02946C-9556-4885-A8C4-26E5607FBF1A}.Debug|x64.ActiveCfg = Debug|x64
		{9B02946C-9556-4885-A8C4-26E5607FBF1A}.Debug|x64.Build.0 = Debug|x64
		{9B02946C-9556-4885-A8C4-26E5607FBF1A}.Debug|x86.ActiveCfg = Debug|x86
		{9B02946C-9556-4885-A8C4-26E5607FBF1A}.Debug|x86.Build.0 = Debug|x86
		{9B02946C-9556-4885-A8C4-26E5607FBF1A}.Release|Any CPU.ActiveCfg = Release|x86
		{9B02946C-9556-4885-A8C4-26E5607FBF1A}.Release|Mixed Platforms.ActiveCfg = Release|x64
		{9B02946C-9556-4885-A8C4-26E5607FBF1A}.Release|Mixed Platforms.Build.0 = Release|x64
		{9B02946C-9556-4885-A8C4-26E5607FBF1A}.Release|Win32.ActiveCfg = Release|x86
		{9B02946C-9556-4885-A8C4-26E5607FBF1A}.Release|Win32.Build.0 = Release|x86
		{9B02946C-9556-4885-A8C4-26E5607FBF1A}.Release|x64.ActiveCfg = Release|x64
		{9B02946C-9556-4885-A8C4-26E5607FBF1A}.Release|x64.Build.0 = Release|x64
		{9B02946C-9556-4885-A8C4-26E5607FBF1A}.Release|x86.ActiveCfg = Release|x86
		{9B02946C-9556-4885-A8C4-26E5607FBF1A}.Release|x86.Build.0 = Release|x86
		{5ABE59D7-A5F6-4118-A6B7-4564E3937962}.Debug_MTS|Any CPU.ActiveCfg = Debug|x86
		{5ABE59D7-A5F6-4118-A6B7-4564E3937962}.Debug_MTS|Mixed Platforms.ActiveCfg = Release|x64
		{5ABE59D7-A5F6-4118-A6B7-4564E3937962}.Debug_MTS|Mixed Platforms.Build.0 = Release|x64
		{5ABE59D7-A5F6-4118-A6B7-4564E3937962}.Debug_MTS|Win32.ActiveCfg = Debug|x86
		{5ABE59D7-A5F6-4118-A6B7-4564E3937962}.Debug_MTS|x64.ActiveCfg = Debug|x64
		{5ABE59D7-A5F6-4118-A6B7-4564E3937962}.Debug_MTS|x64.Build.0 = Debug|x64
		{5ABE59D7-A5F6-4118-A6B7-4564E3937962}.Debug_MTS|x86.ActiveCfg = Debug|x86
		{5ABE59D7-A5F6-4118-A6B7-4564E3937962}.Debug_MTS|x86.Build.0 = Debug|x86
		{5ABE59D7-A5F6-4118-A6B7-4564E3937962}.Debug|Any CPU.ActiveCfg = Debug|x86
		{5ABE59D7-A5F6-4118-A6B7-4564E3937962}.Debug|Mixed Platforms.ActiveCfg = Release|x64
		{5ABE59D7-A5F6-4118-A6B7-4564E3937962}.Debug|Mixed Platforms.Build.0 = Release|x64
		{5ABE59D7-A5F6-4118-A6B7-4564E3937962}.Debug|Win32.ActiveCfg = Debug|x86
		{5ABE59D7-A5F6-4118-A6B7-4564E3937962}.Debug|Win32.Build.0 = Debug|x86
		{5ABE59D7-A5F6-4118-A6B7-4564E3937962}.Debug|x64.ActiveCfg = Debug|x64
		{5ABE59D7-A5F6-4118-A6B7-4564E3937962}.Debug|x64.Build.0 = Debug|x64
		{5ABE59D7-A5F6-4118-A6B7-4564E3937962}.Debug|x86.ActiveCfg = Debug|x86
		{5ABE59D7-A5F6-4118-A6B7-4564E3937962}.Debug|x86.Build.0 = Debug|x86
		{5ABE59D7-A5F6-4118-A6B7-4564E3937962}.Release|Any CPU.ActiveCfg = Release|x86
		{5ABE59D7-A5F6-4118-A6B7-4564E3937962}.Release|Mixed Platforms.ActiveCfg = Release|x64
		{5ABE59D7-A5F6-4118-A6B7-4564E3937962}.Release|Mixed Platforms.Build.0 = Release|x64
		{5ABE59D7-A5F6-4118-A6B7-4564E3937962}.Release|Win32.ActiveCfg = Release|x86
		{5ABE59D7-A5F6-4118-A6B7-4564E3937962}.Release|Win32.Build.0 = Release|x86
		{5ABE59D7-A5F6-4118-A6B7-4564E3937962}.Release|x64.ActiveCfg = Release|x64
		{5ABE59D7-A5F6-4118-A6B7-4564E3937962}.Release|x64.Build.0 = Release|x64
		{5ABE59D7-A5F6-4118-A6B7-4564E3937962}.Release|x86.ActiveCfg = Release|x86
		{5ABE59D7-A5F6-4118-A6B7-4564E3937962}.Release|x86.Build.0 = Release|x86
		{43F4DB48-ADB5-491E-A272-D0BA31DCB581}.Debug_MTS|Any CPU.ActiveCfg = Debug_MTS|Any CPU
		{43F4DB48-ADB5-491E-A272-D0BA31DCB581}.Debug_MTS|Any CPU.Build.0 = Debug_MTS|Any CPU
		{43F4DB48-ADB5-491E-A272-D0BA31DCB581}.Debug_MTS|Mixed Platforms.ActiveCfg = Release|Any CPU
		{43F4DB48-ADB5-491E-A272-D0BA31DCB581}.Debug_MTS|Mixed Platforms.Build.0 = Release|Any CPU
		{43F4DB48-ADB5-491E-A272-D0BA31DCB581}.Debug_MTS|Win32.ActiveCfg = Debug_MTS|Any CPU
		{43F4DB48-ADB5-491E-A272-D0BA31DCB581}.Debug_MTS|x64.ActiveCfg = Debug_MTS|x64
		{43F4DB48-ADB5-491E-A272-D0BA31DCB581}.Debug_MTS|x64.Build.0 = Debug_MTS|x64
		{43F4DB48-ADB5-491E-A272-D0BA31DCB581}.Debug_MTS|x86.ActiveCfg = Debug_MTS|Any CPU
		{43F4DB48-ADB5-491E-A272-D0BA31DCB581}.Debug|Any CPU.ActiveCfg = Debug|Any CPU
		{43F4DB48-ADB5-491E-A272-D0BA31DCB581}.Debug|Any CPU.Build.0 = Debug|Any CPU
		{43F4DB48-ADB5-491E-A272-D0BA31DCB581}.Debug|Mixed Platforms.ActiveCfg = Release|Any CPU
		{43F4DB48-ADB5-491E-A272-D0BA31DCB581}.Debug|Mixed Platforms.Build.0 = Release|Any CPU
		{43F4DB48-ADB5-491E-A272-D0BA31DCB581}.Debug|Win32.ActiveCfg = Debug|Any CPU
		{43F4DB48-ADB5-491E-A272-D0BA31DCB581}.Debug|Win32.Build.0 = Debug|Any CPU
		{43F4DB48-ADB5-491E-A272-D0BA31DCB581}.Debug|x64.ActiveCfg = Debug|x64
		{43F4DB48-ADB5-491E-A272-D0BA31DCB581}.Debug|x64.Build.0 = Debug|x64
		{43F4DB48-ADB5-491E-A272-D0BA31DCB581}.Debug|x86.ActiveCfg = Debug|Any CPU
		{43F4DB48-ADB5-491E-A272-D0BA31DCB581}.Release|Any CPU.ActiveCfg = Release|Any CPU
		{43F4DB48-ADB5-491E-A272-D0BA31DCB581}.Release|Any CPU.Build.0 = Release|Any CPU
		{43F4DB48-ADB5-491E-A272-D0BA31DCB581}.Release|Mixed Platforms.ActiveCfg = Release|Any CPU
		{43F4DB48-ADB5-491E-A272-D0BA31DCB581}.Release|Mixed Platforms.Build.0 = Release|Any CPU
		{43F4DB48-ADB5-491E-A272-D0BA31DCB581}.Release|Win32.ActiveCfg = Release|Any CPU
		{43F4DB48-ADB5-491E-A272-D0BA31DCB581}.Release|Win32.Build.0 = Release|Any CPU
		{43F4DB48-ADB5-491E-A272-D0BA31DCB581}.Release|x64.ActiveCfg = Release|x64
		{43F4DB48-ADB5-491E-A272-D0BA31DCB581}.Release|x64.Build.0 = Release|x64
		{43F4DB48-ADB5-491E-A272-D0BA31DCB581}.Release|x86.ActiveCfg = Release|Any CPU
		{4612488B-945E-41AF-92E8-76C50EF81A30}.Debug_MTS|Any CPU.ActiveCfg = Debug_MTS|Any CPU
		{4612488B-945E-41AF-92E8-76C50EF81A30}.Debug_MTS|Any CPU.Build.0 = Debug_MTS|Any CPU
		{4612488B-945E-41AF-92E8-76C50EF81A30}.Debug_MTS|Mixed Platforms.ActiveCfg = Release|Any CPU
		{4612488B-945E-41AF-92E8-76C50EF81A30}.Debug_MTS|Mixed Platforms.Build.0 = Release|Any CPU
		{4612488B-945E-41AF-92E8-76C50EF81A30}.Debug_MTS|Win32.ActiveCfg = Debug_MTS|Any CPU
		{4612488B-945E-41AF-92E8-76C50EF81A30}.Debug_MTS|x64.ActiveCfg = Debug_MTS|x64
		{4612488B-945E-41AF-92E8-76C50EF81A30}.Debug_MTS|x64.Build.0 = Debug_MTS|x64
		{4612488B-945E-41AF-92E8-76C50EF81A30}.Debug_MTS|x86.ActiveCfg = Debug_MTS|Any CPU
		{4612488B-945E-41AF-92E8-76C50EF81A30}.Debug|Any CPU.ActiveCfg = Debug|Any CPU
		{4612488B-945E-41AF-92E8-76C50EF81A30}.Debug|Any CPU.Build.0 = Debug|Any CPU
		{4612488B-945E-41AF-92E8-76C50EF81A30}.Debug|Mixed Platforms.ActiveCfg = Release|Any CPU
		{4612488B-945E-41AF-92E8-76C50EF81A30}.Debug|Mixed Platforms.Build.0 = Release|Any CPU
		{4612488B-945E-41AF-92E8-76C50EF81A30}.Debug|Win32.ActiveCfg = Debug|Any CPU
		{4612488B-945E-41AF-92E8-76C50EF81A30}.Debug|Win32.Build.0 = Debug|Any CPU
		{4612488B-945E-41AF-92E8-76C50EF81A30}.Debug|x64.ActiveCfg = Debug|x64
		{4612488B-945E-41AF-92E8-76C50EF81A30}.Debug|x64.Build.0 = Debug|x64
		{4612488B-945E-41AF-92E8-76C50EF81A30}.Debug|x86.ActiveCfg = Debug|Any CPU
		{4612488B-945E-41AF-92E8-76C50EF81A30}.Release|Any CPU.ActiveCfg = Release|Any CPU
		{4612488B-945E-41AF-92E8-76C50EF81A30}.Release|Any CPU.Build.0 = Release|Any CPU
		{4612488B-945E-41AF-92E8-76C50EF81A30}.Release|Mixed Platforms.ActiveCfg = Release|Any CPU
		{4612488B-945E-41AF-92E8-76C50EF81A30}.Release|Mixed Platforms.Build.0 = Release|Any CPU
		{4612488B-945E-41AF-92E8-76C50EF81A30}.Release|Win32.ActiveCfg = Release|Any CPU
		{4612488B-945E-41AF-92E8-76C50EF81A30}.Release|Win32.Build.0 = Release|Any CPU
		{4612488B-945E-41AF-92E8-76C50EF81A30}.Release|x64.ActiveCfg = Release|x64
		{4612488B-945E-41AF-92E8-76C50EF81A30}.Release|x64.Build.0 = Release|x64
		{4612488B-945E-41AF-92E8-76C50EF81A30}.Release|x86.ActiveCfg = Release|Any CPU
		{1F8149EF-0AA6-489B-BB59-EA93B7320CD9}.Debug_MTS|Any CPU.ActiveCfg = Debug_MTS|Any CPU
		{1F8149EF-0AA6-489B-BB59-EA93B7320CD9}.Debug_MTS|Any CPU.Build.0 = Debug_MTS|Any CPU
		{1F8149EF-0AA6-489B-BB59-EA93B7320CD9}.Debug_MTS|Mixed Platforms.ActiveCfg = Release|x64
		{1F8149EF-0AA6-489B-BB59-EA93B7320CD9}.Debug_MTS|Mixed Platforms.Build.0 = Release|x64
		{1F8149EF-0AA6-489B-BB59-EA93B7320CD9}.Debug_MTS|Win32.ActiveCfg = Debug_MTS|Any CPU
		{1F8149EF-0AA6-489B-BB59-EA93B7320CD9}.Debug_MTS|x64.ActiveCfg = Debug_MTS|x64
		{1F8149EF-0AA6-489B-BB59-EA93B7320CD9}.Debug_MTS|x64.Build.0 = Debug_MTS|x64
		{1F8149EF-0AA6-489B-BB59-EA93B7320CD9}.Debug_MTS|x86.ActiveCfg = Debug_MTS|Any CPU
		{1F8149EF-0AA6-489B-BB59-EA93B7320CD9}.Debug|Any CPU.ActiveCfg = Debug|Any CPU
		{1F8149EF-0AA6-489B-BB59-EA93B7320CD9}.Debug|Any CPU.Build.0 = Debug|Any CPU
		{1F8149EF-0AA6-489B-BB59-EA93B7320CD9}.Debug|Mixed Platforms.ActiveCfg = Release|x64
		{1F8149EF-0AA6-489B-BB59-EA93B7320CD9}.Debug|Mixed Platforms.Build.0 = Release|x64
		{1F8149EF-0AA6-489B-BB59-EA93B7320CD9}.Debug|Win32.ActiveCfg = Debug|Any CPU
		{1F8149EF-0AA6-489B-BB59-EA93B7320CD9}.Debug|Win32.Build.0 = Debug|Any CPU
		{1F8149EF-0AA6-489B-BB59-EA93B7320CD9}.Debug|x64.ActiveCfg = Debug|x64
		{1F8149EF-0AA6-489B-BB59-EA93B7320CD9}.Debug|x64.Build.0 = Debug|x64
		{1F8149EF-0AA6-489B-BB59-EA93B7320CD9}.Debug|x86.ActiveCfg = Debug|Any CPU
		{1F8149EF-0AA6-489B-BB59-EA93B7320CD9}.Release|Any CPU.ActiveCfg = Release|Any CPU
		{1F8149EF-0AA6-489B-BB59-EA93B7320CD9}.Release|Any CPU.Build.0 = Release|Any CPU
		{1F8149EF-0AA6-489B-BB59-EA93B7320CD9}.Release|Mixed Platforms.ActiveCfg = Release|x64
		{1F8149EF-0AA6-489B-BB59-EA93B7320CD9}.Release|Mixed Platforms.Build.0 = Release|x64
		{1F8149EF-0AA6-489B-BB59-EA93B7320CD9}.Release|Win32.ActiveCfg = Release|Any CPU
		{1F8149EF-0AA6-489B-BB59-EA93B7320CD9}.Release|Win32.Build.0 = Release|Any CPU
		{1F8149EF-0AA6-489B-BB59-EA93B7320CD9}.Release|x64.ActiveCfg = Release|x64
		{1F8149EF-0AA6-489B-BB59-EA93B7320CD9}.Release|x64.Build.0 = Release|x64
		{1F8149EF-0AA6-489B-BB59-EA93B7320CD9}.Release|x86.ActiveCfg = Release|Any CPU
		{F2B66E45-24A9-4040-BC43-6D6B92918AD1}.Debug_MTS|Any CPU.ActiveCfg = Debug_MTS|Any CPU
		{F2B66E45-24A9-4040-BC43-6D6B92918AD1}.Debug_MTS|Any CPU.Build.0 = Debug_MTS|Any CPU
		{F2B66E45-24A9-4040-BC43-6D6B92918AD1}.Debug_MTS|Mixed Platforms.ActiveCfg = Release|x64
		{F2B66E45-24A9-4040-BC43-6D6B92918AD1}.Debug_MTS|Mixed Platforms.Build.0 = Release|x64
		{F2B66E45-24A9-4040-BC43-6D6B92918AD1}.Debug_MTS|Win32.ActiveCfg = Debug_MTS|Any CPU
		{F2B66E45-24A9-4040-BC43-6D6B92918AD1}.Debug_MTS|x64.ActiveCfg = Debug_MTS|x64
		{F2B66E45-24A9-4040-BC43-6D6B92918AD1}.Debug_MTS|x64.Build.0 = Debug_MTS|x64
		{F2B66E45-24A9-4040-BC43-6D6B92918AD1}.Debug_MTS|x86.ActiveCfg = Debug_MTS|Any CPU
		{F2B66E45-24A9-4040-BC43-6D6B92918AD1}.Debug|Any CPU.ActiveCfg = Debug|Any CPU
		{F2B66E45-24A9-4040-BC43-6D6B92918AD1}.Debug|Any CPU.Build.0 = Debug|Any CPU
		{F2B66E45-24A9-4040-BC43-6D6B92918AD1}.Debug|Mixed Platforms.ActiveCfg = Release|x64
		{F2B66E45-24A9-4040-BC43-6D6B92918AD1}.Debug|Mixed Platforms.Build.0 = Release|x64
		{F2B66E45-24A9-4040-BC43-6D6B92918AD1}.Debug|Win32.ActiveCfg = Debug|Any CPU
		{F2B66E45-24A9-4040-BC43-6D6B92918AD1}.Debug|Win32.Build.0 = Debug|Any CPU
		{F2B66E45-24A9-4040-BC43-6D6B92918AD1}.Debug|x64.ActiveCfg = Debug|x64
		{F2B66E45-24A9-4040-BC43-6D6B92918AD1}.Debug|x64.Build.0 = Debug|x64
		{F2B66E45-24A9-4040-BC43-6D6B92918AD1}.Debug|x86.ActiveCfg = Debug|Any CPU
		{F2B66E45-24A9-4040-BC43-6D6B92918AD1}.Release|Any CPU.ActiveCfg = Release|Any CPU
		{F2B66E45-24A9-4040-BC43-6D6B92918AD1}.Release|Any CPU.Build.0 = Release|Any CPU
		{F2B66E45-24A9-4040-BC43-6D6B92918AD1}.Release|Mixed Platforms.ActiveCfg = Release|x64
		{F2B66E45-24A9-4040-BC43-6D6B92918AD1}.Release|Mixed Platforms.Build.0 = Release|x64
		{F2B66E45-24A9-4040-BC43-6D6B92918AD1}.Release|Win32.ActiveCfg = Release|Any CPU
		{F2B66E45-24A9-4040-BC43-6D6B92918AD1}.Release|Win32.Build.0 = Release|Any CPU
		{F2B66E45-24A9-4040-BC43-6D6B92918AD1}.Release|x64.ActiveCfg = Release|x64
		{F2B66E45-24A9-4040-BC43-6D6B92918AD1}.Release|x64.Build.0 = Release|x64
		{F2B66E45-24A9-4040-BC43-6D6B92918AD1}.Release|x86.ActiveCfg = Release|Any CPU
		{660C74B7-A4DE-435D-B94F-92B0D695620B}.Debug_MTS|Any CPU.ActiveCfg = Debug|Win32
		{660C74B7-A4DE-435D-B94F-92B0D695620B}.Debug_MTS|Mixed Platforms.ActiveCfg = Release|x64
		{660C74B7-A4DE-435D-B94F-92B0D695620B}.Debug_MTS|Win32.ActiveCfg = Debug|Win32
		{660C74B7-A4DE-435D-B94F-92B0D695620B}.Debug_MTS|Win32.Build.0 = Debug|Win32
		{660C74B7-A4DE-435D-B94F-92B0D695620B}.Debug_MTS|x64.ActiveCfg = Debug|x64
		{660C74B7-A4DE-435D-B94F-92B0D695620B}.Debug_MTS|x64.Build.0 = Debug|x64
		{660C74B7-A4DE-435D-B94F-92B0D695620B}.Debug_MTS|x86.ActiveCfg = Debug|Win32
		{660C74B7-A4DE-435D-B94F-92B0D695620B}.Debug|Any CPU.ActiveCfg = Debug|Win32
		{660C74B7-A4DE-435D-B94F-92B0D695620B}.Debug|Mixed Platforms.ActiveCfg = Release|x64
		{660C74B7-A4DE-435D-B94F-92B0D695620B}.Debug|Win32.ActiveCfg = Debug|Win32
		{660C74B7-A4DE-435D-B94F-92B0D695620B}.Debug|Win32.Build.0 = Debug|Win32
		{660C74B7-A4DE-435D-B94F-92B0D695620B}.Debug|x64.ActiveCfg = Debug|x64
		{660C74B7-A4DE-435D-B94F-92B0D695620B}.Debug|x86.ActiveCfg = Debug|Win32
		{660C74B7-A4DE-435D-B94F-92B0D695620B}.Release|Any CPU.ActiveCfg = Release|Win32
		{660C74B7-A4DE-435D-B94F-92B0D695620B}.Release|Mixed Platforms.ActiveCfg = Release|x64
		{660C74B7-A4DE-435D-B94F-92B0D695620B}.Release|Win32.ActiveCfg = Release|Win32
		{660C74B7-A4DE-435D-B94F-92B0D695620B}.Release|Win32.Build.0 = Release|Win32
		{660C74B7-A4DE-435D-B94F-92B0D695620B}.Release|x64.ActiveCfg = Release|x64
		{660C74B7-A4DE-435D-B94F-92B0D695620B}.Release|x86.ActiveCfg = Release|Win32
		{9C873C33-BB63-4B38-B277-F4331CD23703}.Debug_MTS|Any CPU.ActiveCfg = Debug_MTS|Any CPU
		{9C873C33-BB63-4B38-B277-F4331CD23703}.Debug_MTS|Any CPU.Build.0 = Debug_MTS|Any CPU
		{9C873C33-BB63-4B38-B277-F4331CD23703}.Debug_MTS|Mixed Platforms.ActiveCfg = Release|Any CPU
		{9C873C33-BB63-4B38-B277-F4331CD23703}.Debug_MTS|Mixed Platforms.Build.0 = Release|Any CPU
		{9C873C33-BB63-4B38-B277-F4331CD23703}.Debug_MTS|Win32.ActiveCfg = Debug_MTS|Any CPU
		{9C873C33-BB63-4B38-B277-F4331CD23703}.Debug_MTS|x64.ActiveCfg = Debug_MTS|x64
		{9C873C33-BB63-4B38-B277-F4331CD23703}.Debug_MTS|x64.Build.0 = Debug_MTS|x64
		{9C873C33-BB63-4B38-B277-F4331CD23703}.Debug_MTS|x86.ActiveCfg = Debug_MTS|Any CPU
		{9C873C33-BB63-4B38-B277-F4331CD23703}.Debug|Any CPU.ActiveCfg = Debug|Any CPU
		{9C873C33-BB63-4B38-B277-F4331CD23703}.Debug|Any CPU.Build.0 = Debug|Any CPU
		{9C873C33-BB63-4B38-B277-F4331CD23703}.Debug|Mixed Platforms.ActiveCfg = Release|Any CPU
		{9C873C33-BB63-4B38-B277-F4331CD23703}.Debug|Mixed Platforms.Build.0 = Release|Any CPU
		{9C873C33-BB63-4B38-B277-F4331CD23703}.Debug|Win32.ActiveCfg = Debug|Any CPU
		{9C873C33-BB63-4B38-B277-F4331CD23703}.Debug|Win32.Build.0 = Debug|Any CPU
		{9C873C33-BB63-4B38-B277-F4331CD23703}.Debug|x64.ActiveCfg = Debug|x64
		{9C873C33-BB63-4B38-B277-F4331CD23703}.Debug|x64.Build.0 = Debug|x64
		{9C873C33-BB63-4B38-B277-F4331CD23703}.Debug|x86.ActiveCfg = Debug|Any CPU
		{9C873C33-BB63-4B38-B277-F4331CD23703}.Release|Any CPU.ActiveCfg = Release|Any CPU
		{9C873C33-BB63-4B38-B277-F4331CD23703}.Release|Any CPU.Build.0 = Release|Any CPU
		{9C873C33-BB63-4B38-B277-F4331CD23703}.Release|Mixed Platforms.ActiveCfg = Release|Any CPU
		{9C873C33-BB63-4B38-B277-F4331CD23703}.Release|Mixed Platforms.Build.0 = Release|Any CPU
		{9C873C33-BB63-4B38-B277-F4331CD23703}.Release|Win32.ActiveCfg = Release|Any CPU
		{9C873C33-BB63-4B38-B277-F4331CD23703}.Release|Win32.Build.0 = Release|Any CPU
		{9C873C33-BB63-4B38-B277-F4331CD23703}.Release|x64.ActiveCfg = Release|x64
		{9C873C33-BB63-4B38-B277-F4331CD23703}.Release|x64.Build.0 = Release|x64
		{9C873C33-BB63-4B38-B277-F4331CD23703}.Release|x86.ActiveCfg = Release|Any CPU
		{270BE9B0-E06B-4F82-BA67-4349A8D4A71F}.Debug_MTS|Any CPU.ActiveCfg = Debug_MTS|Any CPU
		{270BE9B0-E06B-4F82-BA67-4349A8D4A71F}.Debug_MTS|Any CPU.Build.0 = Debug_MTS|Any CPU
		{270BE9B0-E06B-4F82-BA67-4349A8D4A71F}.Debug_MTS|Mixed Platforms.ActiveCfg = Release|Any CPU
		{270BE9B0-E06B-4F82-BA67-4349A8D4A71F}.Debug_MTS|Mixed Platforms.Build.0 = Release|Any CPU
		{270BE9B0-E06B-4F82-BA67-4349A8D4A71F}.Debug_MTS|Win32.ActiveCfg = Debug_MTS|Any CPU
		{270BE9B0-E06B-4F82-BA67-4349A8D4A71F}.Debug_MTS|x64.ActiveCfg = Debug_MTS|x64
		{270BE9B0-E06B-4F82-BA67-4349A8D4A71F}.Debug_MTS|x64.Build.0 = Debug_MTS|x64
		{270BE9B0-E06B-4F82-BA67-4349A8D4A71F}.Debug_MTS|x86.ActiveCfg = Debug_MTS|Any CPU
		{270BE9B0-E06B-4F82-BA67-4349A8D4A71F}.Debug|Any CPU.ActiveCfg = Debug|Any CPU
		{270BE9B0-E06B-4F82-BA67-4349A8D4A71F}.Debug|Any CPU.Build.0 = Debug|Any CPU
		{270BE9B0-E06B-4F82-BA67-4349A8D4A71F}.Debug|Mixed Platforms.ActiveCfg = Release|Any CPU
		{270BE9B0-E06B-4F82-BA67-4349A8D4A71F}.Debug|Mixed Platforms.Build.0 = Release|Any CPU
		{270BE9B0-E06B-4F82-BA67-4349A8D4A71F}.Debug|Win32.ActiveCfg = Debug|Any CPU
		{270BE9B0-E06B-4F82-BA67-4349A8D4A71F}.Debug|Win32.Build.0 = Debug|Any CPU
		{270BE9B0-E06B-4F82-BA67-4349A8D4A71F}.Debug|x64.ActiveCfg = Debug|x64
		{270BE9B0-E06B-4F82-BA67-4349A8D4A71F}.Debug|x64.Build.0 = Debug|x64
		{270BE9B0-E06B-4F82-BA67-4349A8D4A71F}.Debug|x86.ActiveCfg = Debug|Any CPU
		{270BE9B0-E06B-4F82-BA67-4349A8D4A71F}.Release|Any CPU.ActiveCfg = Release|Any CPU
		{270BE9B0-E06B-4F82-BA67-4349A8D4A71F}.Release|Any CPU.Build.0 = Release|Any CPU
		{270BE9B0-E06B-4F82-BA67-4349A8D4A71F}.Release|Mixed Platforms.ActiveCfg = Release|Any CPU
		{270BE9B0-E06B-4F82-BA67-4349A8D4A71F}.Release|Mixed Platforms.Build.0 = Release|Any CPU
		{270BE9B0-E06B-4F82-BA67-4349A8D4A71F}.Release|Win32.ActiveCfg = Release|Any CPU
		{270BE9B0-E06B-4F82-BA67-4349A8D4A71F}.Release|Win32.Build.0 = Release|Any CPU
		{270BE9B0-E06B-4F82-BA67-4349A8D4A71F}.Release|x64.ActiveCfg = Release|x64
		{270BE9B0-E06B-4F82-BA67-4349A8D4A71F}.Release|x64.Build.0 = Release|x64
		{270BE9B0-E06B-4F82-BA67-4349A8D4A71F}.Release|x86.ActiveCfg = Release|Any CPU
		{1BC85125-AB82-4C74-9716-D08AD5E8E66A}.Debug_MTS|Any CPU.ActiveCfg = Debug|Any CPU
		{1BC85125-AB82-4C74-9716-D08AD5E8E66A}.Debug_MTS|Any CPU.Build.0 = Debug|Any CPU
		{1BC85125-AB82-4C74-9716-D08AD5E8E66A}.Debug_MTS|Mixed Platforms.ActiveCfg = Release|x64
		{1BC85125-AB82-4C74-9716-D08AD5E8E66A}.Debug_MTS|Mixed Platforms.Build.0 = Release|x64
		{1BC85125-AB82-4C74-9716-D08AD5E8E66A}.Debug_MTS|Win32.ActiveCfg = Debug|Any CPU
		{1BC85125-AB82-4C74-9716-D08AD5E8E66A}.Debug_MTS|x64.ActiveCfg = Debug|x64
		{1BC85125-AB82-4C74-9716-D08AD5E8E66A}.Debug_MTS|x64.Build.0 = Debug|x64
		{1BC85125-AB82-4C74-9716-D08AD5E8E66A}.Debug_MTS|x86.ActiveCfg = Debug|Any CPU
		{1BC85125-AB82-4C74-9716-D08AD5E8E66A}.Debug|Any CPU.ActiveCfg = Debug|Any CPU
		{1BC85125-AB82-4C74-9716-D08AD5E8E66A}.Debug|Any CPU.Build.0 = Debug|Any CPU
		{1BC85125-AB82-4C74-9716-D08AD5E8E66A}.Debug|Mixed Platforms.ActiveCfg = Release|x64
		{1BC85125-AB82-4C74-9716-D08AD5E8E66A}.Debug|Mixed Platforms.Build.0 = Release|x64
		{1BC85125-AB82-4C74-9716-D08AD5E8E66A}.Debug|Win32.ActiveCfg = Debug|Any CPU
		{1BC85125-AB82-4C74-9716-D08AD5E8E66A}.Debug|Win32.Build.0 = Debug|Any CPU
		{1BC85125-AB82-4C74-9716-D08AD5E8E66A}.Debug|x64.ActiveCfg = Debug|x64
		{1BC85125-AB82-4C74-9716-D08AD5E8E66A}.Debug|x64.Build.0 = Debug|x64
		{1BC85125-AB82-4C74-9716-D08AD5E8E66A}.Debug|x86.ActiveCfg = Debug|Any CPU
		{1BC85125-AB82-4C74-9716-D08AD5E8E66A}.Release|Any CPU.ActiveCfg = Release|Any CPU
		{1BC85125-AB82-4C74-9716-D08AD5E8E66A}.Release|Any CPU.Build.0 = Release|Any CPU
		{1BC85125-AB82-4C74-9716-D08AD5E8E66A}.Release|Mixed Platforms.ActiveCfg = Release|x64
		{1BC85125-AB82-4C74-9716-D08AD5E8E66A}.Release|Mixed Platforms.Build.0 = Release|x64
		{1BC85125-AB82-4C74-9716-D08AD5E8E66A}.Release|Win32.ActiveCfg = Release|Any CPU
		{1BC85125-AB82-4C74-9716-D08AD5E8E66A}.Release|Win32.Build.0 = Release|Any CPU
		{1BC85125-AB82-4C74-9716-D08AD5E8E66A}.Release|x64.ActiveCfg = Release|x64
		{1BC85125-AB82-4C74-9716-D08AD5E8E66A}.Release|x64.Build.0 = Release|x64
		{1BC85125-AB82-4C74-9716-D08AD5E8E66A}.Release|x86.ActiveCfg = Release|Any CPU
		{512FD53F-9AD1-46A1-A961-9FABDFAD50C5}.Debug_MTS|Any CPU.ActiveCfg = Debug|Any CPU
		{512FD53F-9AD1-46A1-A961-9FABDFAD50C5}.Debug_MTS|Any CPU.Build.0 = Debug|Any CPU
		{512FD53F-9AD1-46A1-A961-9FABDFAD50C5}.Debug_MTS|Mixed Platforms.ActiveCfg = Release|x64
		{512FD53F-9AD1-46A1-A961-9FABDFAD50C5}.Debug_MTS|Win32.ActiveCfg = Debug|Any CPU
		{512FD53F-9AD1-46A1-A961-9FABDFAD50C5}.Debug_MTS|x64.ActiveCfg = Debug|Any CPU
		{512FD53F-9AD1-46A1-A961-9FABDFAD50C5}.Debug_MTS|x86.ActiveCfg = Debug|Any CPU
		{512FD53F-9AD1-46A1-A961-9FABDFAD50C5}.Debug|Any CPU.ActiveCfg = Debug|Any CPU
		{512FD53F-9AD1-46A1-A961-9FABDFAD50C5}.Debug|Any CPU.Build.0 = Debug|Any CPU
		{512FD53F-9AD1-46A1-A961-9FABDFAD50C5}.Debug|Mixed Platforms.ActiveCfg = Release|x64
		{512FD53F-9AD1-46A1-A961-9FABDFAD50C5}.Debug|Win32.ActiveCfg = Debug|Any CPU
		{512FD53F-9AD1-46A1-A961-9FABDFAD50C5}.Debug|x64.ActiveCfg = Debug|x64
		{512FD53F-9AD1-46A1-A961-9FABDFAD50C5}.Debug|x64.Build.0 = Debug|x64
		{512FD53F-9AD1-46A1-A961-9FABDFAD50C5}.Debug|x86.ActiveCfg = Debug|Any CPU
		{512FD53F-9AD1-46A1-A961-9FABDFAD50C5}.Release|Any CPU.ActiveCfg = Release|Any CPU
		{512FD53F-9AD1-46A1-A961-9FABDFAD50C5}.Release|Any CPU.Build.0 = Release|Any CPU
		{512FD53F-9AD1-46A1-A961-9FABDFAD50C5}.Release|Mixed Platforms.ActiveCfg = Release|x64
		{512FD53F-9AD1-46A1-A961-9FABDFAD50C5}.Release|Win32.ActiveCfg = Release|Any CPU
		{512FD53F-9AD1-46A1-A961-9FABDFAD50C5}.Release|x64.ActiveCfg = Release|Any CPU
		{512FD53F-9AD1-46A1-A961-9FABDFAD50C5}.Release|x86.ActiveCfg = Release|Any CPU
		{2AB064BB-D805-4A46-85E0-1076A7741140}.Debug_MTS|Any CPU.ActiveCfg = Debug|Any CPU
		{2AB064BB-D805-4A46-85E0-1076A7741140}.Debug_MTS|Any CPU.Build.0 = Debug|Any CPU
		{2AB064BB-D805-4A46-85E0-1076A7741140}.Debug_MTS|Mixed Platforms.ActiveCfg = Release|Any CPU
		{2AB064BB-D805-4A46-85E0-1076A7741140}.Debug_MTS|Mixed Platforms.Build.0 = Release|Any CPU
		{2AB064BB-D805-4A46-85E0-1076A7741140}.Debug_MTS|Win32.ActiveCfg = Debug|Any CPU
		{2AB064BB-D805-4A46-85E0-1076A7741140}.Debug_MTS|x64.ActiveCfg = Debug|Any CPU
		{2AB064BB-D805-4A46-85E0-1076A7741140}.Debug_MTS|x86.ActiveCfg = Debug|Any CPU
		{2AB064BB-D805-4A46-85E0-1076A7741140}.Debug|Any CPU.ActiveCfg = Debug|Any CPU
		{2AB064BB-D805-4A46-85E0-1076A7741140}.Debug|Any CPU.Build.0 = Debug|Any CPU
		{2AB064BB-D805-4A46-85E0-1076A7741140}.Debug|Mixed Platforms.ActiveCfg = Release|Any CPU
		{2AB064BB-D805-4A46-85E0-1076A7741140}.Debug|Mixed Platforms.Build.0 = Release|Any CPU
		{2AB064BB-D805-4A46-85E0-1076A7741140}.Debug|Win32.ActiveCfg = Debug|Any CPU
		{2AB064BB-D805-4A46-85E0-1076A7741140}.Debug|x64.ActiveCfg = Debug|Any CPU
		{2AB064BB-D805-4A46-85E0-1076A7741140}.Debug|x86.ActiveCfg = Debug|Any CPU
		{2AB064BB-D805-4A46-85E0-1076A7741140}.Release|Any CPU.ActiveCfg = Release|Any CPU
		{2AB064BB-D805-4A46-85E0-1076A7741140}.Release|Any CPU.Build.0 = Release|Any CPU
		{2AB064BB-D805-4A46-85E0-1076A7741140}.Release|Mixed Platforms.ActiveCfg = Release|Any CPU
		{2AB064BB-D805-4A46-85E0-1076A7741140}.Release|Mixed Platforms.Build.0 = Release|Any CPU
		{2AB064BB-D805-4A46-85E0-1076A7741140}.Release|Win32.ActiveCfg = Release|Any CPU
		{2AB064BB-D805-4A46-85E0-1076A7741140}.Release|x64.ActiveCfg = Release|Any CPU
		{2AB064BB-D805-4A46-85E0-1076A7741140}.Release|x86.ActiveCfg = Release|Any CPU
		{3D94317F-1581-4039-A70F-A6A6A57D2F83}.Debug_MTS|Any CPU.ActiveCfg = Debug|Any CPU
		{3D94317F-1581-4039-A70F-A6A6A57D2F83}.Debug_MTS|Any CPU.Build.0 = Debug|Any CPU
		{3D94317F-1581-4039-A70F-A6A6A57D2F83}.Debug_MTS|Mixed Platforms.ActiveCfg = Release|Any CPU
		{3D94317F-1581-4039-A70F-A6A6A57D2F83}.Debug_MTS|Mixed Platforms.Build.0 = Release|Any CPU
		{3D94317F-1581-4039-A70F-A6A6A57D2F83}.Debug_MTS|Win32.ActiveCfg = Debug|Any CPU
		{3D94317F-1581-4039-A70F-A6A6A57D2F83}.Debug_MTS|x64.ActiveCfg = Debug|Any CPU
		{3D94317F-1581-4039-A70F-A6A6A57D2F83}.Debug_MTS|x86.ActiveCfg = Debug|Any CPU
		{3D94317F-1581-4039-A70F-A6A6A57D2F83}.Debug|Any CPU.ActiveCfg = Debug|Any CPU
		{3D94317F-1581-4039-A70F-A6A6A57D2F83}.Debug|Any CPU.Build.0 = Debug|Any CPU
		{3D94317F-1581-4039-A70F-A6A6A57D2F83}.Debug|Mixed Platforms.ActiveCfg = Release|Any CPU
		{3D94317F-1581-4039-A70F-A6A6A57D2F83}.Debug|Mixed Platforms.Build.0 = Release|Any CPU
		{3D94317F-1581-4039-A70F-A6A6A57D2F83}.Debug|Win32.ActiveCfg = Debug|Any CPU
		{3D94317F-1581-4039-A70F-A6A6A57D2F83}.Debug|x64.ActiveCfg = Debug|Any CPU
		{3D94317F-1581-4039-A70F-A6A6A57D2F83}.Debug|x86.ActiveCfg = Debug|Any CPU
		{3D94317F-1581-4039-A70F-A6A6A57D2F83}.Release|Any CPU.ActiveCfg = Release|Any CPU
		{3D94317F-1581-4039-A70F-A6A6A57D2F83}.Release|Any CPU.Build.0 = Release|Any CPU
		{3D94317F-1581-4039-A70F-A6A6A57D2F83}.Release|Mixed Platforms.ActiveCfg = Release|Any CPU
		{3D94317F-1581-4039-A70F-A6A6A57D2F83}.Release|Mixed Platforms.Build.0 = Release|Any CPU
		{3D94317F-1581-4039-A70F-A6A6A57D2F83}.Release|Win32.ActiveCfg = Release|Any CPU
		{3D94317F-1581-4039-A70F-A6A6A57D2F83}.Release|x64.ActiveCfg = Release|Any CPU
		{3D94317F-1581-4039-A70F-A6A6A57D2F83}.Release|x86.ActiveCfg = Release|Any CPU
		{DC33757C-158D-49F6-A4D4-C0CD25957447}.Debug_MTS|Any CPU.ActiveCfg = Debug|Any CPU
		{DC33757C-158D-49F6-A4D4-C0CD25957447}.Debug_MTS|Any CPU.Build.0 = Debug|Any CPU
		{DC33757C-158D-49F6-A4D4-C0CD25957447}.Debug_MTS|Mixed Platforms.ActiveCfg = Debug|Any CPU
		{DC33757C-158D-49F6-A4D4-C0CD25957447}.Debug_MTS|Mixed Platforms.Build.0 = Debug|Any CPU
		{DC33757C-158D-49F6-A4D4-C0CD25957447}.Debug_MTS|Win32.ActiveCfg = Debug|Any CPU
		{DC33757C-158D-49F6-A4D4-C0CD25957447}.Debug_MTS|Win32.Build.0 = Debug|Any CPU
		{DC33757C-158D-49F6-A4D4-C0CD25957447}.Debug_MTS|x64.ActiveCfg = Debug|Any CPU
		{DC33757C-158D-49F6-A4D4-C0CD25957447}.Debug_MTS|x64.Build.0 = Debug|Any CPU
		{DC33757C-158D-49F6-A4D4-C0CD25957447}.Debug_MTS|x86.ActiveCfg = Debug|Any CPU
		{DC33757C-158D-49F6-A4D4-C0CD25957447}.Debug_MTS|x86.Build.0 = Debug|Any CPU
		{DC33757C-158D-49F6-A4D4-C0CD25957447}.Debug|Any CPU.ActiveCfg = Debug|Any CPU
		{DC33757C-158D-49F6-A4D4-C0CD25957447}.Debug|Any CPU.Build.0 = Debug|Any CPU
		{DC33757C-158D-49F6-A4D4-C0CD25957447}.Debug|Mixed Platforms.ActiveCfg = Debug|Any CPU
		{DC33757C-158D-49F6-A4D4-C0CD25957447}.Debug|Mixed Platforms.Build.0 = Debug|Any CPU
		{DC33757C-158D-49F6-A4D4-C0CD25957447}.Debug|Win32.ActiveCfg = Debug|Any CPU
		{DC33757C-158D-49F6-A4D4-C0CD25957447}.Debug|Win32.Build.0 = Debug|Any CPU
		{DC33757C-158D-49F6-A4D4-C0CD25957447}.Debug|x64.ActiveCfg = Debug|x64
		{DC33757C-158D-49F6-A4D4-C0CD25957447}.Debug|x64.Build.0 = Debug|x64
		{DC33757C-158D-49F6-A4D4-C0CD25957447}.Debug|x86.ActiveCfg = Debug|Any CPU
		{DC33757C-158D-49F6-A4D4-C0CD25957447}.Debug|x86.Build.0 = Debug|Any CPU
		{DC33757C-158D-49F6-A4D4-C0CD25957447}.Release|Any CPU.ActiveCfg = Release|Any CPU
		{DC33757C-158D-49F6-A4D4-C0CD25957447}.Release|Any CPU.Build.0 = Release|Any CPU
		{DC33757C-158D-49F6-A4D4-C0CD25957447}.Release|Mixed Platforms.ActiveCfg = Release|Any CPU
		{DC33757C-158D-49F6-A4D4-C0CD25957447}.Release|Mixed Platforms.Build.0 = Release|Any CPU
		{DC33757C-158D-49F6-A4D4-C0CD25957447}.Release|Win32.ActiveCfg = Release|Any CPU
		{DC33757C-158D-49F6-A4D4-C0CD25957447}.Release|Win32.Build.0 = Release|Any CPU
		{DC33757C-158D-49F6-A4D4-C0CD25957447}.Release|x64.ActiveCfg = Release|x64
		{DC33757C-158D-49F6-A4D4-C0CD25957447}.Release|x64.Build.0 = Release|x64
		{DC33757C-158D-49F6-A4D4-C0CD25957447}.Release|x86.ActiveCfg = Release|Any CPU
		{DC33757C-158D-49F6-A4D4-C0CD25957447}.Release|x86.Build.0 = Release|Any CPU
		{676C993A-E9CC-415A-8DEA-1D563E0F2976}.Debug_MTS|Any CPU.ActiveCfg = Debug|Any CPU
		{676C993A-E9CC-415A-8DEA-1D563E0F2976}.Debug_MTS|Any CPU.Build.0 = Debug|Any CPU
		{676C993A-E9CC-415A-8DEA-1D563E0F2976}.Debug_MTS|Mixed Platforms.ActiveCfg = Debug|Any CPU
		{676C993A-E9CC-415A-8DEA-1D563E0F2976}.Debug_MTS|Mixed Platforms.Build.0 = Debug|Any CPU
		{676C993A-E9CC-415A-8DEA-1D563E0F2976}.Debug_MTS|Win32.ActiveCfg = Debug|Any CPU
		{676C993A-E9CC-415A-8DEA-1D563E0F2976}.Debug_MTS|Win32.Build.0 = Debug|Any CPU
		{676C993A-E9CC-415A-8DEA-1D563E0F2976}.Debug_MTS|x64.ActiveCfg = Debug|Any CPU
		{676C993A-E9CC-415A-8DEA-1D563E0F2976}.Debug_MTS|x64.Build.0 = Debug|Any CPU
		{676C993A-E9CC-415A-8DEA-1D563E0F2976}.Debug_MTS|x86.ActiveCfg = Debug|Any CPU
		{676C993A-E9CC-415A-8DEA-1D563E0F2976}.Debug_MTS|x86.Build.0 = Debug|Any CPU
		{676C993A-E9CC-415A-8DEA-1D563E0F2976}.Debug|Any CPU.ActiveCfg = Debug|Any CPU
		{676C993A-E9CC-415A-8DEA-1D563E0F2976}.Debug|Any CPU.Build.0 = Debug|Any CPU
		{676C993A-E9CC-415A-8DEA-1D563E0F2976}.Debug|Mixed Platforms.ActiveCfg = Debug|Any CPU
		{676C993A-E9CC-415A-8DEA-1D563E0F2976}.Debug|Mixed Platforms.Build.0 = Debug|Any CPU
		{676C993A-E9CC-415A-8DEA-1D563E0F2976}.Debug|Win32.ActiveCfg = Debug|Any CPU
		{676C993A-E9CC-415A-8DEA-1D563E0F2976}.Debug|Win32.Build.0 = Debug|Any CPU
		{676C993A-E9CC-415A-8DEA-1D563E0F2976}.Debug|x64.ActiveCfg = Debug|Any CPU
		{676C993A-E9CC-415A-8DEA-1D563E0F2976}.Debug|x64.Build.0 = Debug|Any CPU
		{676C993A-E9CC-415A-8DEA-1D563E0F2976}.Debug|x86.ActiveCfg = Debug|Any CPU
		{676C993A-E9CC-415A-8DEA-1D563E0F2976}.Debug|x86.Build.0 = Debug|Any CPU
		{676C993A-E9CC-415A-8DEA-1D563E0F2976}.Release|Any CPU.ActiveCfg = Release|Any CPU
		{676C993A-E9CC-415A-8DEA-1D563E0F2976}.Release|Any CPU.Build.0 = Release|Any CPU
		{676C993A-E9CC-415A-8DEA-1D563E0F2976}.Release|Mixed Platforms.ActiveCfg = Release|Any CPU
		{676C993A-E9CC-415A-8DEA-1D563E0F2976}.Release|Mixed Platforms.Build.0 = Release|Any CPU
		{676C993A-E9CC-415A-8DEA-1D563E0F2976}.Release|Win32.ActiveCfg = Release|Any CPU
		{676C993A-E9CC-415A-8DEA-1D563E0F2976}.Release|Win32.Build.0 = Release|Any CPU
		{676C993A-E9CC-415A-8DEA-1D563E0F2976}.Release|x64.ActiveCfg = Release|Any CPU
		{676C993A-E9CC-415A-8DEA-1D563E0F2976}.Release|x64.Build.0 = Release|Any CPU
		{676C993A-E9CC-415A-8DEA-1D563E0F2976}.Release|x86.ActiveCfg = Release|Any CPU
		{676C993A-E9CC-415A-8DEA-1D563E0F2976}.Release|x86.Build.0 = Release|Any CPU
		{34CCF59B-F61E-48A2-91B9-C42D0E394530}.Debug_MTS|Any CPU.ActiveCfg = Debug|Any CPU
		{34CCF59B-F61E-48A2-91B9-C42D0E394530}.Debug_MTS|Any CPU.Build.0 = Debug|Any CPU
		{34CCF59B-F61E-48A2-91B9-C42D0E394530}.Debug_MTS|Mixed Platforms.ActiveCfg = Debug|Any CPU
		{34CCF59B-F61E-48A2-91B9-C42D0E394530}.Debug_MTS|Mixed Platforms.Build.0 = Debug|Any CPU
		{34CCF59B-F61E-48A2-91B9-C42D0E394530}.Debug_MTS|Win32.ActiveCfg = Debug|Any CPU
		{34CCF59B-F61E-48A2-91B9-C42D0E394530}.Debug_MTS|Win32.Build.0 = Debug|Any CPU
		{34CCF59B-F61E-48A2-91B9-C42D0E394530}.Debug_MTS|x64.ActiveCfg = Debug|Any CPU
		{34CCF59B-F61E-48A2-91B9-C42D0E394530}.Debug_MTS|x64.Build.0 = Debug|Any CPU
		{34CCF59B-F61E-48A2-91B9-C42D0E394530}.Debug_MTS|x86.ActiveCfg = Debug|Any CPU
		{34CCF59B-F61E-48A2-91B9-C42D0E394530}.Debug_MTS|x86.Build.0 = Debug|Any CPU
		{34CCF59B-F61E-48A2-91B9-C42D0E394530}.Debug|Any CPU.ActiveCfg = Debug|Any CPU
		{34CCF59B-F61E-48A2-91B9-C42D0E394530}.Debug|Any CPU.Build.0 = Debug|Any CPU
		{34CCF59B-F61E-48A2-91B9-C42D0E394530}.Debug|Mixed Platforms.ActiveCfg = Debug|Any CPU
		{34CCF59B-F61E-48A2-91B9-C42D0E394530}.Debug|Mixed Platforms.Build.0 = Debug|Any CPU
		{34CCF59B-F61E-48A2-91B9-C42D0E394530}.Debug|Win32.ActiveCfg = Debug|Any CPU
		{34CCF59B-F61E-48A2-91B9-C42D0E394530}.Debug|Win32.Build.0 = Debug|Any CPU
		{34CCF59B-F61E-48A2-91B9-C42D0E394530}.Debug|x64.ActiveCfg = Debug|x64
		{34CCF59B-F61E-48A2-91B9-C42D0E394530}.Debug|x64.Build.0 = Debug|x64
		{34CCF59B-F61E-48A2-91B9-C42D0E394530}.Debug|x86.ActiveCfg = Debug|Any CPU
		{34CCF59B-F61E-48A2-91B9-C42D0E394530}.Debug|x86.Build.0 = Debug|Any CPU
		{34CCF59B-F61E-48A2-91B9-C42D0E394530}.Release|Any CPU.ActiveCfg = Release|Any CPU
		{34CCF59B-F61E-48A2-91B9-C42D0E394530}.Release|Any CPU.Build.0 = Release|Any CPU
		{34CCF59B-F61E-48A2-91B9-C42D0E394530}.Release|Mixed Platforms.ActiveCfg = Release|Any CPU
		{34CCF59B-F61E-48A2-91B9-C42D0E394530}.Release|Mixed Platforms.Build.0 = Release|Any CPU
		{34CCF59B-F61E-48A2-91B9-C42D0E394530}.Release|Win32.ActiveCfg = Release|Any CPU
		{34CCF59B-F61E-48A2-91B9-C42D0E394530}.Release|Win32.Build.0 = Release|Any CPU
		{34CCF59B-F61E-48A2-91B9-C42D0E394530}.Release|x64.ActiveCfg = Release|x64
		{34CCF59B-F61E-48A2-91B9-C42D0E394530}.Release|x64.Build.0 = Release|x64
		{34CCF59B-F61E-48A2-91B9-C42D0E394530}.Release|x86.ActiveCfg = Release|Any CPU
		{34CCF59B-F61E-48A2-91B9-C42D0E394530}.Release|x86.Build.0 = Release|Any CPU
	EndGlobalSection
	GlobalSection(SolutionProperties) = preSolution
		HideSolutionNode = FALSE
	EndGlobalSection
	GlobalSection(ExtensibilityGlobals) = postSolution
		SolutionGuid = {DEE4B6B1-C2DD-4ABF-A3F4-C948FE73EDAE}
	EndGlobalSection
EndGlobal
